// !$*UTF8*$!
{
	archiveVersion = 1;
	classes = {
	};
	objectVersion = 50;
	objects = {

/* Begin PBXBuildFile section */
		2EB5019723BEC765001FD3FF /* AppDelegate.swift in Sources */ = {isa = PBXBuildFile; fileRef = 2EB5019623BEC765001FD3FF /* AppDelegate.swift */; };
		2EB5019923BEC765001FD3FF /* SceneDelegate.swift in Sources */ = {isa = PBXBuildFile; fileRef = 2EB5019823BEC765001FD3FF /* SceneDelegate.swift */; };
		2EB5019B23BEC765001FD3FF /* ViewController.swift in Sources */ = {isa = PBXBuildFile; fileRef = 2EB5019A23BEC765001FD3FF /* ViewController.swift */; };
		2EB5019E23BEC765001FD3FF /* Main.storyboard in Resources */ = {isa = PBXBuildFile; fileRef = 2EB5019C23BEC765001FD3FF /* Main.storyboard */; };
		2EB501A023BEC768001FD3FF /* Assets.xcassets in Resources */ = {isa = PBXBuildFile; fileRef = 2EB5019F23BEC768001FD3FF /* Assets.xcassets */; };
		2EB501A323BEC768001FD3FF /* LaunchScreen.storyboard in Resources */ = {isa = PBXBuildFile; fileRef = 2EB501A123BEC768001FD3FF /* LaunchScreen.storyboard */; };
		2EB501AD23C1731F001FD3FF /* CatOrDogClassifier 1.mlmodel in Sources */ = {isa = PBXBuildFile; fileRef = 2EB501AC23C1731E001FD3FF /* CatOrDogClassifier 1.mlmodel */; };
/* End PBXBuildFile section */

/* Begin PBXFileReference section */
		2EB5019323BEC765001FD3FF /* WhatAnimal.app */ = {isa = PBXFileReference; explicitFileType = wrapper.application; includeInIndex = 0; path = WhatAnimal.app; sourceTree = BUILT_PRODUCTS_DIR; };
		2EB5019623BEC765001FD3FF /* AppDelegate.swift */ = {isa = PBXFileReference; lastKnownFileType = sourcecode.swift; path = AppDelegate.swift; sourceTree = "<group>"; };
		2EB5019823BEC765001FD3FF /* SceneDelegate.swift */ = {isa = PBXFileReference; lastKnownFileType = sourcecode.swift; path = SceneDelegate.swift; sourceTree = "<group>"; };
		2EB5019A23BEC765001FD3FF /* ViewController.swift */ = {isa = PBXFileReference; lastKnownFileType = sourcecode.swift; path = ViewController.swift; sourceTree = "<group>"; };
		2EB5019D23BEC765001FD3FF /* Base */ = {isa = PBXFileReference; lastKnownFileType = file.storyboard; name = Base; path = Base.lproj/Main.storyboard; sourceTree = "<group>"; };
		2EB5019F23BEC768001FD3FF /* Assets.xcassets */ = {isa = PBXFileReference; lastKnownFileType = folder.assetcatalog; path = Assets.xcassets; sourceTree = "<group>"; };
		2EB501A223BEC768001FD3FF /* Base */ = {isa = PBXFileReference; lastKnownFileType = file.storyboard; name = Base; path = Base.lproj/LaunchScreen.storyboard; sourceTree = "<group>"; };
		2EB501A423BEC768001FD3FF /* Info.plist */ = {isa = PBXFileReference; lastKnownFileType = text.plist.xml; path = Info.plist; sourceTree = "<group>"; };
		2EB501AC23C1731E001FD3FF /* CatOrDogClassifier 1.mlmodel */ = {isa = PBXFileReference; lastKnownFileType = file.mlmodel; path = "CatOrDogClassifier 1.mlmodel"; sourceTree = "<group>"; };
/* End PBXFileReference section */

/* Begin PBXFrameworksBuildPhase section */
		2EB5019023BEC765001FD3FF /* Frameworks */ = {
			isa = PBXFrameworksBuildPhase;
			buildActionMask = 2147483647;
			files = (
			);
			runOnlyForDeploymentPostprocessing = 0;
		};
/* End PBXFrameworksBuildPhase section */

/* Begin PBXGroup section */
		2EB5018A23BEC765001FD3FF = {
			isa = PBXGroup;
			children = (
				2EB5019523BEC765001FD3FF /* WhatAnimal */,
				2EB5019423BEC765001FD3FF /* Products */,
			);
			sourceTree = "<group>";
		};
		2EB5019423BEC765001FD3FF /* Products */ = {
			isa = PBXGroup;
			children = (
				2EB5019323BEC765001FD3FF /* WhatAnimal.app */,
			);
			name = Products;
			sourceTree = "<group>";
		};
		2EB5019523BEC765001FD3FF /* WhatAnimal */ = {
			isa = PBXGroup;
			children = (
				2EB5019623BEC765001FD3FF /* AppDelegate.swift */,
				2EB5019823BEC765001FD3FF /* SceneDelegate.swift */,
				2EB5019A23BEC765001FD3FF /* ViewController.swift */,
				2EB5019C23BEC765001FD3FF /* Main.storyboard */,
				2EB5019F23BEC768001FD3FF /* Assets.xcassets */,
				2EB501A123BEC768001FD3FF /* LaunchScreen.storyboard */,
				2EB501A423BEC768001FD3FF /* Info.plist */,
				2EB501AC23C1731E001FD3FF /* CatOrDogClassifier 1.mlmodel */,
			);
			path = WhatAnimal;
			sourceTree = "<group>";
		};
/* End PBXGroup section */

/* Begin PBXNativeTarget section */
		2EB5019223BEC765001FD3FF /* WhatAnimal */ = {
			isa = PBXNativeTarget;
			buildConfigurationList = 2EB501A723BEC768001FD3FF /* Build configuration list for PBXNativeTarget "WhatAnimal" */;
			buildPhases = (
				2EB5018F23BEC765001FD3FF /* Sources */,
				2EB5019023BEC765001FD3FF /* Frameworks */,
				2EB5019123BEC765001FD3FF /* Resources */,
			);
			buildRules = (
			);
			dependencies = (
			);
			name = WhatAnimal;
			productName = WhatAnimal;
			productReference = 2EB5019323BEC765001FD3FF /* WhatAnimal.app */;
			productType = "com.apple.product-type.application";
		};
/* End PBXNativeTarget section */

/* Begin PBXProject section */
		2EB5018B23BEC765001FD3FF /* Project object */ = {
			isa = PBXProject;
			attributes = {
				LastSwiftUpdateCheck = 1130;
				LastUpgradeCheck = 1130;
				ORGANIZATIONNAME = "SCL Gaming Studio";
				TargetAttributes = {
					2EB5019223BEC765001FD3FF = {
						CreatedOnToolsVersion = 11.3;
					};
				};
			};
			buildConfigurationList = 2EB5018E23BEC765001FD3FF /* Build configuration list for PBXProject "WhatAnimal" */;
			compatibilityVersion = "Xcode 9.3";
			developmentRegion = en;
			hasScannedForEncodings = 0;
			knownRegions = (
				en,
				Base,
			);
			mainGroup = 2EB5018A23BEC765001FD3FF;
			productRefGroup = 2EB5019423BEC765001FD3FF /* Products */;
			projectDirPath = "";
			projectRoot = "";
			targets = (
				2EB5019223BEC765001FD3FF /* WhatAnimal */,
			);
		};
/* End PBXProject section */

/* Begin PBXResourcesBuildPhase section */
		2EB5019123BEC765001FD3FF /* Resources */ = {
			isa = PBXResourcesBuildPhase;
			buildActionMask = 2147483647;
			files = (
				2EB501A323BEC768001FD3FF /* LaunchScreen.storyboard in Resources */,
				2EB501A023BEC768001FD3FF /* Assets.xcassets in Resources */,
				2EB5019E23BEC765001FD3FF /* Main.storyboard in Resources */,
			);
			runOnlyForDeploymentPostprocessing = 0;
		};
/* End PBXResourcesBuildPhase section */

/* Begin PBXSourcesBuildPhase section */
		2EB5018F23BEC765001FD3FF /* Sources */ = {
			isa = PBXSourcesBuildPhase;
			buildActionMask = 2147483647;
			files = (
				2EB5019B23BEC765001FD3FF /* ViewController.swift in Sources */,
				2EB5019723BEC765001FD3FF /* AppDelegate.swift in Sources */,
				2EB5019923BEC765001FD3FF /* SceneDelegate.swift in Sources */,
				2EB501AD23C1731F001FD3FF /* CatOrDogClassifier 1.mlmodel in Sources */,
			);
			runOnlyForDeploymentPostprocessing = 0;
		};
/* End PBXSourcesBuildPhase section */

/* Begin PBXVariantGroup section */
		2EB5019C23BEC765001FD3FF /* Main.storyboard */ = {
			isa = PBXVariantGroup;
			children = (
				2EB5019D23BEC765001FD3FF /* Base */,
			);
			name = Main.storyboard;
			sourceTree = "<group>";
		};
		2EB501A123BEC768001FD3FF /* LaunchScreen.storyboard */ = {
			isa = PBXVariantGroup;
			children = (
				2EB501A223BEC768001FD3FF /* Base */,
			);
			name = LaunchScreen.storyboard;
			sourceTree = "<group>";
		};
/* End PBXVariantGroup section */

/* Begin XCBuildConfiguration section */
		2EB501A523BEC768001FD3FF /* Debug */ = {
			isa = XCBuildConfiguration;
			buildSettings = {
				ALWAYS_SEARCH_USER_PATHS = NO;
				CLANG_ANALYZER_NONNULL = YES;
				CLANG_ANALYZER_NUMBER_OBJECT_CONVERSION = YES_AGGRESSIVE;
				CLANG_CXX_LANGUAGE_STANDARD = "gnu++14";
				CLANG_CXX_LIBRARY = "libc++";
				CLANG_ENABLE_MODULES = YES;
				CLANG_ENABLE_OBJC_ARC = YES;
				CLANG_ENABLE_OBJC_WEAK = YES;
				CLANG_WARN_BLOCK_CAPTURE_AUTORELEASING = YES;
				CLANG_WARN_BOOL_CONVERSION = YES;
				CLANG_WARN_COMMA = YES;
				CLANG_WARN_CONSTANT_CONVERSION = YES;
				CLANG_WARN_DEPRECATED_OBJC_IMPLEMENTATIONS = YES;
				CLANG_WARN_DIRECT_OBJC_ISA_USAGE = YES_ERROR;
				CLANG_WARN_DOCUMENTATION_COMMENTS = YES;
				CLANG_WARN_EMPTY_BODY = YES;
				CLANG_WARN_ENUM_CONVERSION = YES;
				CLANG_WARN_INFINITE_RECURSION = YES;
				CLANG_WARN_INT_CONVERSION = YES;
				CLANG_WARN_NON_LITERAL_NULL_CONVERSION = YES;
				CLANG_WARN_OBJC_IMPLICIT_RETAIN_SELF = YES;
				CLANG_WARN_OBJC_LITERAL_CONVERSION = YES;
				CLANG_WARN_OBJC_ROOT_CLASS = YES_ERROR;
				CLANG_WARN_RANGE_LOOP_ANALYSIS = YES;
				CLANG_WARN_STRICT_PROTOTYPES = YES;
				CLANG_WARN_SUSPICIOUS_MOVE = YES;
				CLANG_WARN_UNGUARDED_AVAILABILITY = YES_AGGRESSIVE;
				CLANG_WARN_UNREACHABLE_CODE = YES;
				CLANG_WARN__DUPLICATE_METHOD_MATCH = YES;
				COPY_PHASE_STRIP = NO;
				DEBUG_INFORMATION_FORMAT = dwarf;
				ENABLE_STRICT_OBJC_MSGSEND = YES;
				ENABLE_TESTABILITY = YES;
				GCC_C_LANGUAGE_STANDARD = gnu11;
				GCC_DYNAMIC_NO_PIC = NO;
				GCC_NO_COMMON_BLOCKS = YES;
				GCC_OPTIMIZATION_LEVEL = 0;
				GCC_PREPROCESSOR_DEFINITIONS = (
					"DEBUG=1",
					"$(inherited)",
				);
				GCC_WARN_64_TO_32_BIT_CONVERSION = YES;
				GCC_WARN_ABOUT_RETURN_TYPE = YES_ERROR;
				GCC_WARN_UNDECLARED_SELECTOR = YES;
				GCC_WARN_UNINITIALIZED_AUTOS = YES_AGGRESSIVE;
				GCC_WARN_UNUSED_FUNCTION = YES;
				GCC_WARN_UNUSED_VARIABLE = YES;
				IPHONEOS_DEPLOYMENT_TARGET = 13.2;
				MTL_ENABLE_DEBUG_INFO = INCLUDE_SOURCE;
				MTL_FAST_MATH = YES;
				ONLY_ACTIVE_ARCH = YES;
				SDKROOT = iphoneos;
				SWIFT_ACTIVE_COMPILATION_CONDITIONS = DEBUG;
				SWIFT_OPTIMIZATION_LEVEL = "-Onone";
			};
			name = Debug;
		};
		2EB501A623BEC768001FD3FF /* Release */ = {
			isa = XCBuildConfiguration;
			buildSettings = {
				ALWAYS_SEARCH_USER_PATHS = NO;
				CLANG_ANALYZER_NONNULL = YES;
				CLANG_ANALYZER_NUMBER_OBJECT_CONVERSION = YES_AGGRESSIVE;
				CLANG_CXX_LANGUAGE_STANDARD = "gnu++14";
				CLANG_CXX_LIBRARY = "libc++";
				CLANG_ENABLE_MODULES = YES;
				CLANG_ENABLE_OBJC_ARC = YES;
				CLANG_ENABLE_OBJC_WEAK = YES;
				CLANG_WARN_BLOCK_CAPTURE_AUTORELEASING = YES;
				CLANG_WARN_BOOL_CONVERSION = YES;
				CLANG_WARN_COMMA = YES;
				CLANG_WARN_CONSTANT_CONVERSION = YES;
				CLANG_WARN_DEPRECATED_OBJC_IMPLEMENTATIONS = YES;
				CLANG_WARN_DIRECT_OBJC_ISA_USAGE = YES_ERROR;
				CLANG_WARN_DOCUMENTATION_COMMENTS = YES;
				CLANG_WARN_EMPTY_BODY = YES;
				CLANG_WARN_ENUM_CONVERSION = YES;
				CLANG_WARN_INFINITE_RECURSION = YES;
				CLANG_WARN_INT_CONVERSION = YES;
				CLANG_WARN_NON_LITERAL_NULL_CONVERSION = YES;
				CLANG_WARN_OBJC_IMPLICIT_RETAIN_SELF = YES;
				CLANG_WARN_OBJC_LITERAL_CONVERSION = YES;
				CLANG_WARN_OBJC_ROOT_CLASS = YES_ERROR;
				CLANG_WARN_RANGE_LOOP_ANALYSIS = YES;
				CLANG_WARN_STRICT_PROTOTYPES = YES;
				CLANG_WARN_SUSPICIOUS_MOVE = YES;
				CLANG_WARN_UNGUARDED_AVAILABILITY = YES_AGGRESSIVE;
				CLANG_WARN_UNREACHABLE_CODE = YES;
				CLANG_WARN__DUPLICATE_METHOD_MATCH = YES;
				COPY_PHASE_STRIP = NO;
				DEBUG_INFORMATION_FORMAT = "dwarf-with-dsym";
				ENABLE_NS_ASSERTIONS = NO;
				ENABLE_STRICT_OBJC_MSGSEND = YES;
				GCC_C_LANGUAGE_STANDARD = gnu11;
				GCC_NO_COMMON_BLOCKS = YES;
				GCC_WARN_64_TO_32_BIT_CONVERSION = YES;
				GCC_WARN_ABOUT_RETURN_TYPE = YES_ERROR;
				GCC_WARN_UNDECLARED_SELECTOR = YES;
				GCC_WARN_UNINITIALIZED_AUTOS = YES_AGGRESSIVE;
				GCC_WARN_UNUSED_FUNCTION = YES;
				GCC_WARN_UNUSED_VARIABLE = YES;
				IPHONEOS_DEPLOYMENT_TARGET = 13.2;
				MTL_ENABLE_DEBUG_INFO = NO;
				MTL_FAST_MATH = YES;
				SDKROOT = iphoneos;
				SWIFT_COMPILATION_MODE = wholemodule;
				SWIFT_OPTIMIZATION_LEVEL = "-O";
				VALIDATE_PRODUCT = YES;
			};
			name = Release;
		};
		2EB501A823BEC768001FD3FF /* Debug */ = {
			isa = XCBuildConfiguration;
			buildSettings = {
				ASSETCATALOG_COMPILER_APPICON_NAME = AppIcon;
				CODE_SIGN_STYLE = Automatic;
				DEVELOPMENT_TEAM = 8U9YL5548N;
				INFOPLIST_FILE = WhatAnimal/Info.plist;
				LD_RUNPATH_SEARCH_PATHS = (
					"$(inherited)",
					"@executable_path/Frameworks",
				);
				PRODUCT_BUNDLE_IDENTIFIER = com.SCLGamingStudio.WhatAnimal;
				PRODUCT_NAME = "$(TARGET_NAME)";
				SWIFT_VERSION = 5.0;
				TARGETED_DEVICE_FAMILY = "1,2";
			};
			name = Debug;
		};
		2EB501A923BEC768001FD3FF /* Release */ = {
			isa = XCBuildConfiguration;
			buildSettings = {
				ASSETCATALOG_COMPILER_APPICON_NAME = AppIcon;
				CODE_SIGN_STYLE = Automatic;
				DEVELOPMENT_TEAM = 8U9YL5548N;
				INFOPLIST_FILE = WhatAnimal/Info.plist;
				LD_RUNPATH_SEARCH_PATHS = (
					"$(inherited)",
					"@executable_path/Frameworks",
				);
				PRODUCT_BUNDLE_IDENTIFIER = com.SCLGamingStudio.WhatAnimal;
				PRODUCT_NAME = "$(TARGET_NAME)";
				SWIFT_VERSION = 5.0;
				TARGETED_DEVICE_FAMILY = "1,2";
			};
			name = Release;
		};
/* End XCBuildConfiguration section */

/* Begin XCConfigurationList section */
		2EB5018E23BEC765001FD3FF /* Build configuration list for PBXProject "WhatAnimal" */ = {
			isa = XCConfigurationList;
			buildConfigurations = (
				2EB501A523BEC768001FD3FF /* Debug */,
				2EB501A623BEC768001FD3FF /* Release */,
			);
			defaultConfigurationIsVisible = 0;
			defaultConfigurationName = Release;
		};
		2EB501A723BEC768001FD3FF /* Build configuration list for PBXNativeTarget "WhatAnimal" */ = {
			isa = XCConfigurationList;
			buildConfigurations = (
				2EB501A823BEC768001FD3FF /* Debug */,
				2EB501A923BEC768001FD3FF /* Release */,
			);
			defaultConfigurationIsVisible = 0;
			defaultConfigurationName = Release;
		};
/* End XCConfigurationList section */
	};
	rootObject = 2EB5018B23BEC765001FD3FF /* Project object */;
}
